// !$*UTF8*$!
{
	archiveVersion = 1;
	classes = {
	};
	objectVersion = 50;
	objects = {

/* Begin PBXBuildFile section */
		DC413A56242B650F0065A415 /* AppDelegate.swift in Sources */ = {isa = PBXBuildFile; fileRef = DC413A55242B650F0065A415 /* AppDelegate.swift */; };
		DC413A58242B650F0065A415 /* SceneDelegate.swift in Sources */ = {isa = PBXBuildFile; fileRef = DC413A57242B650F0065A415 /* SceneDelegate.swift */; };
		DC413A5A242B650F0065A415 /* ViewController.swift in Sources */ = {isa = PBXBuildFile; fileRef = DC413A59242B650F0065A415 /* ViewController.swift */; };
		DC413A5D242B650F0065A415 /* Main.storyboard in Resources */ = {isa = PBXBuildFile; fileRef = DC413A5B242B650F0065A415 /* Main.storyboard */; };
		DC413A5F242B65100065A415 /* Assets.xcassets in Resources */ = {isa = PBXBuildFile; fileRef = DC413A5E242B65100065A415 /* Assets.xcassets */; };
		DC413A62242B65100065A415 /* LaunchScreen.storyboard in Resources */ = {isa = PBXBuildFile; fileRef = DC413A60242B65100065A415 /* LaunchScreen.storyboard */; };
		DC413A6A242B67A70065A415 /* Person.swift in Sources */ = {isa = PBXBuildFile; fileRef = DC413A69242B67A70065A415 /* Person.swift */; };
		DC413A6C242B68910065A415 /* Employee.swift in Sources */ = {isa = PBXBuildFile; fileRef = DC413A6B242B68910065A415 /* Employee.swift */; };
		DC413A6E242B69C40065A415 /* Manager.swift in Sources */ = {isa = PBXBuildFile; fileRef = DC413A6D242B69C40065A415 /* Manager.swift */; };
/* End PBXBuildFile section */

/* Begin PBXFileReference section */
		DC413A52242B650E0065A415 /* EmployeeManager.app */ = {isa = PBXFileReference; explicitFileType = wrapper.application; includeInIndex = 0; path = EmployeeManager.app; sourceTree = BUILT_PRODUCTS_DIR; };
		DC413A55242B650F0065A415 /* AppDelegate.swift */ = {isa = PBXFileReference; lastKnownFileType = sourcecode.swift; path = AppDelegate.swift; sourceTree = "<group>"; };
		DC413A57242B650F0065A415 /* SceneDelegate.swift */ = {isa = PBXFileReference; lastKnownFileType = sourcecode.swift; path = SceneDelegate.swift; sourceTree = "<group>"; };
		DC413A59242B650F0065A415 /* ViewController.swift */ = {isa = PBXFileReference; lastKnownFileType = sourcecode.swift; path = ViewController.swift; sourceTree = "<group>"; };
		DC413A5C242B650F0065A415 /* Base */ = {isa = PBXFileReference; lastKnownFileType = file.storyboard; name = Base; path = Base.lproj/Main.storyboard; sourceTree = "<group>"; };
		DC413A5E242B65100065A415 /* Assets.xcassets */ = {isa = PBXFileReference; lastKnownFileType = folder.assetcatalog; path = Assets.xcassets; sourceTree = "<group>"; };
		DC413A61242B65100065A415 /* Base */ = {isa = PBXFileReference; lastKnownFileType = file.storyboard; name = Base; path = Base.lproj/LaunchScreen.storyboard; sourceTree = "<group>"; };
		DC413A63242B65100065A415 /* Info.plist */ = {isa = PBXFileReference; lastKnownFileType = text.plist.xml; path = Info.plist; sourceTree = "<group>"; };
		DC413A69242B67A70065A415 /* Person.swift */ = {isa = PBXFileReference; lastKnownFileType = sourcecode.swift; path = Person.swift; sourceTree = "<group>"; };
		DC413A6B242B68910065A415 /* Employee.swift */ = {isa = PBXFileReference; lastKnownFileType = sourcecode.swift; path = Employee.swift; sourceTree = "<group>"; };
		DC413A6D242B69C40065A415 /* Manager.swift */ = {isa = PBXFileReference; lastKnownFileType = sourcecode.swift; path = Manager.swift; sourceTree = "<group>"; };
/* End PBXFileReference section */

/* Begin PBXFrameworksBuildPhase section */
		DC413A4F242B650E0065A415 /* Frameworks */ = {
			isa = PBXFrameworksBuildPhase;
			buildActionMask = 2147483647;
			files = (
			);
			runOnlyForDeploymentPostprocessing = 0;
		};
/* End PBXFrameworksBuildPhase section */

/* Begin PBXGroup section */
		DC413A49242B650E0065A415 = {
			isa = PBXGroup;
			children = (
				DC413A54242B650E0065A415 /* EmployeeManager */,
				DC413A53242B650E0065A415 /* Products */,
			);
			sourceTree = "<group>";
		};
		DC413A53242B650E0065A415 /* Products */ = {
			isa = PBXGroup;
			children = (
				DC413A52242B650E0065A415 /* EmployeeManager.app */,
			);
			name = Products;
			sourceTree = "<group>";
		};
		DC413A54242B650E0065A415 /* EmployeeManager */ = {
			isa = PBXGroup;
			children = (
				DC413A55242B650F0065A415 /* AppDelegate.swift */,
				DC413A57242B650F0065A415 /* SceneDelegate.swift */,
				DC413A59242B650F0065A415 /* ViewController.swift */,
				DC413A5B242B650F0065A415 /* Main.storyboard */,
				DC413A5E242B65100065A415 /* Assets.xcassets */,
				DC413A60242B65100065A415 /* LaunchScreen.storyboard */,
				DC413A63242B65100065A415 /* Info.plist */,
				DC413A69242B67A70065A415 /* Person.swift */,
				DC413A6B242B68910065A415 /* Employee.swift */,
				DC413A6D242B69C40065A415 /* Manager.swift */,
			);
			path = EmployeeManager;
			sourceTree = "<group>";
		};
/* End PBXGroup section */

/* Begin PBXNativeTarget section */
		DC413A51242B650E0065A415 /* EmployeeManager */ = {
			isa = PBXNativeTarget;
			buildConfigurationList = DC413A66242B65100065A415 /* Build configuration list for PBXNativeTarget "EmployeeManager" */;
			buildPhases = (
				DC413A4E242B650E0065A415 /* Sources */,
				DC413A4F242B650E0065A415 /* Frameworks */,
				DC413A50242B650E0065A415 /* Resources */,
			);
			buildRules = (
			);
			dependencies = (
			);
			name = EmployeeManager;
			productName = EmployeeManager;
			productReference = DC413A52242B650E0065A415 /* EmployeeManager.app */;
			productType = "com.apple.product-type.application";
		};
/* End PBXNativeTarget section */

/* Begin PBXProject section */
		DC413A4A242B650E0065A415 /* Project object */ = {
			isa = PBXProject;
			attributes = {
				LastSwiftUpdateCheck = 1130;
				LastUpgradeCheck = 1130;
				ORGANIZATIONNAME = com.ashraf;
				TargetAttributes = {
					DC413A51242B650E0065A415 = {
						CreatedOnToolsVersion = 11.3.1;
					};
				};
			};
			buildConfigurationList = DC413A4D242B650E0065A415 /* Build configuration list for PBXProject "EmployeeManager" */;
			compatibilityVersion = "Xcode 9.3";
			developmentRegion = en;
			hasScannedForEncodings = 0;
			knownRegions = (
				en,
				Base,
			);
			mainGroup = DC413A49242B650E0065A415;
			productRefGroup = DC413A53242B650E0065A415 /* Products */;
			projectDirPath = "";
			projectRoot = "";
			targets = (
				DC413A51242B650E0065A415 /* EmployeeManager */,
			);
		};
/* End PBXProject section */

/* Begin PBXResourcesBuildPhase section */
		DC413A50242B650E0065A415 /* Resources */ = {
			isa = PBXResourcesBuildPhase;
			buildActionMask = 2147483647;
			files = (
				DC413A62242B65100065A415 /* LaunchScreen.storyboard in Resources */,
				DC413A5F242B65100065A415 /* Assets.xcassets in Resources */,
				DC413A5D242B650F0065A415 /* Main.storyboard in Resources */,
			);
			runOnlyForDeploymentPostprocessing = 0;
		};
/* End PBXResourcesBuildPhase section */

/* Begin PBXSourcesBuildPhase section */
		DC413A4E242B650E0065A415 /* Sources */ = {
			isa = PBXSourcesBuildPhase;
			buildActionMask = 2147483647;
			files = (
				DC413A5A242B650F0065A415 /* ViewController.swift in Sources */,
				DC413A6E242B69C40065A415 /* Manager.swift in Sources */,
				DC413A56242B650F0065A415 /* AppDelegate.swift in Sources */,
				DC413A6A242B67A70065A415 /* Person.swift in Sources */,
				DC413A6C242B68910065A415 /* Employee.swift in Sources */,
				DC413A58242B650F0065A415 /* SceneDelegate.swift in Sources */,
			);
			runOnlyForDeploymentPostprocessing = 0;
		};
/* End PBXSourcesBuildPhase section */

/* Begin PBXVariantGroup section */
		DC413A5B242B650F0065A415 /* Main.storyboard */ = {
			isa = PBXVariantGroup;
			children = (
				DC413A5C242B650F0065A415 /* Base */,
			);
			name = Main.storyboard;
			sourceTree = "<group>";
		};
		DC413A60242B65100065A415 /* LaunchScreen.storyboard */ = {
			isa = PBXVariantGroup;
			children = (
				DC413A61242B65100065A415 /* Base */,
			);
			name = LaunchScreen.storyboard;
			sourceTree = "<group>";
		};
/* End PBXVariantGroup section */

/* Begin XCBuildConfiguration section */
		DC413A64242B65100065A415 /* Debug */ = {
			isa = XCBuildConfiguration;
			buildSettings = {
				ALWAYS_SEARCH_USER_PATHS = NO;
				CLANG_ANALYZER_NONNULL = YES;
				CLANG_ANALYZER_NUMBER_OBJECT_CONVERSION = YES_AGGRESSIVE;
				CLANG_CXX_LANGUAGE_STANDARD = "gnu++14";
				CLANG_CXX_LIBRARY = "libc++";
				CLANG_ENABLE_MODULES = YES;
				CLANG_ENABLE_OBJC_ARC = YES;
				CLANG_ENABLE_OBJC_WEAK = YES;
				CLANG_WARN_BLOCK_CAPTURE_AUTORELEASING = YES;
				CLANG_WARN_BOOL_CONVERSION = YES;
				CLANG_WARN_COMMA = YES;
				CLANG_WARN_CONSTANT_CONVERSION = YES;
				CLANG_WARN_DEPRECATED_OBJC_IMPLEMENTATIONS = YES;
				CLANG_WARN_DIRECT_OBJC_ISA_USAGE = YES_ERROR;
				CLANG_WARN_DOCUMENTATION_COMMENTS = YES;
				CLANG_WARN_EMPTY_BODY = YES;
				CLANG_WARN_ENUM_CONVERSION = YES;
				CLANG_WARN_INFINITE_RECURSION = YES;
				CLANG_WARN_INT_CONVERSION = YES;
				CLANG_WARN_NON_LITERAL_NULL_CONVERSION = YES;
				CLANG_WARN_OBJC_IMPLICIT_RETAIN_SELF = YES;
				CLANG_WARN_OBJC_LITERAL_CONVERSION = YES;
				CLANG_WARN_OBJC_ROOT_CLASS = YES_ERROR;
				CLANG_WARN_RANGE_LOOP_ANALYSIS = YES;
				CLANG_WARN_STRICT_PROTOTYPES = YES;
				CLANG_WARN_SUSPICIOUS_MOVE = YES;
				CLANG_WARN_UNGUARDED_AVAILABILITY = YES_AGGRESSIVE;
				CLANG_WARN_UNREACHABLE_CODE = YES;
				CLANG_WARN__DUPLICATE_METHOD_MATCH = YES;
				COPY_PHASE_STRIP = NO;
				DEBUG_INFORMATION_FORMAT = dwarf;
				ENABLE_STRICT_OBJC_MSGSEND = YES;
				ENABLE_TESTABILITY = YES;
				GCC_C_LANGUAGE_STANDARD = gnu11;
				GCC_DYNAMIC_NO_PIC = NO;
				GCC_NO_COMMON_BLOCKS = YES;
				GCC_OPTIMIZATION_LEVEL = 0;
				GCC_PREPROCESSOR_DEFINITIONS = (
					"DEBUG=1",
					"$(inherited)",
				);
				GCC_WARN_64_TO_32_BIT_CONVERSION = YES;
				GCC_WARN_ABOUT_RETURN_TYPE = YES_ERROR;
				GCC_WARN_UNDECLARED_SELECTOR = YES;
				GCC_WARN_UNINITIALIZED_AUTOS = YES_AGGRESSIVE;
				GCC_WARN_UNUSED_FUNCTION = YES;
				GCC_WARN_UNUSED_VARIABLE = YES;
				IPHONEOS_DEPLOYMENT_TARGET = 13.2;
				MTL_ENABLE_DEBUG_INFO = INCLUDE_SOURCE;
				MTL_FAST_MATH = YES;
				ONLY_ACTIVE_ARCH = YES;
				SDKROOT = iphoneos;
				SWIFT_ACTIVE_COMPILATION_CONDITIONS = DEBUG;
				SWIFT_OPTIMIZATION_LEVEL = "-Onone";
			};
			name = Debug;
		};
		DC413A65242B65100065A415 /* Release */ = {
			isa = XCBuildConfiguration;
			buildSettings = {
				ALWAYS_SEARCH_USER_PATHS = NO;
				CLANG_ANALYZER_NONNULL = YES;
				CLANG_ANALYZER_NUMBER_OBJECT_CONVERSION = YES_AGGRESSIVE;
				CLANG_CXX_LANGUAGE_STANDARD = "gnu++14";
				CLANG_CXX_LIBRARY = "libc++";
				CLANG_ENABLE_MODULES = YES;
				CLANG_ENABLE_OBJC_ARC = YES;
				CLANG_ENABLE_OBJC_WEAK = YES;
				CLANG_WARN_BLOCK_CAPTURE_AUTORELEASING = YES;
				CLANG_WARN_BOOL_CONVERSION = YES;
				CLANG_WARN_COMMA = YES;
				CLANG_WARN_CONSTANT_CONVERSION = YES;
				CLANG_WARN_DEPRECATED_OBJC_IMPLEMENTATIONS = YES;
				CLANG_WARN_DIRECT_OBJC_ISA_USAGE = YES_ERROR;
				CLANG_WARN_DOCUMENTATION_COMMENTS = YES;
				CLANG_WARN_EMPTY_BODY = YES;
				CLANG_WARN_ENUM_CONVERSION = YES;
				CLANG_WARN_INFINITE_RECURSION = YES;
				CLANG_WARN_INT_CONVERSION = YES;
				CLANG_WARN_NON_LITERAL_NULL_CONVERSION = YES;
				CLANG_WARN_OBJC_IMPLICIT_RETAIN_SELF = YES;
				CLANG_WARN_OBJC_LITERAL_CONVERSION = YES;
				CLANG_WARN_OBJC_ROOT_CLASS = YES_ERROR;
				CLANG_WARN_RANGE_LOOP_ANALYSIS = YES;
				CLANG_WARN_STRICT_PROTOTYPES = YES;
				CLANG_WARN_SUSPICIOUS_MOVE = YES;
				CLANG_WARN_UNGUARDED_AVAILABILITY = YES_AGGRESSIVE;
				CLANG_WARN_UNREACHABLE_CODE = YES;
				CLANG_WARN__DUPLICATE_METHOD_MATCH = YES;
				COPY_PHASE_STRIP = NO;
				DEBUG_INFORMATION_FORMAT = "dwarf-with-dsym";
				ENABLE_NS_ASSERTIONS = NO;
				ENABLE_STRICT_OBJC_MSGSEND = YES;
				GCC_C_LANGUAGE_STANDARD = gnu11;
				GCC_NO_COMMON_BLOCKS = YES;
				GCC_WARN_64_TO_32_BIT_CONVERSION = YES;
				GCC_WARN_ABOUT_RETURN_TYPE = YES_ERROR;
				GCC_WARN_UNDECLARED_SELECTOR = YES;
				GCC_WARN_UNINITIALIZED_AUTOS = YES_AGGRESSIVE;
				GCC_WARN_UNUSED_FUNCTION = YES;
				GCC_WARN_UNUSED_VARIABLE = YES;
				IPHONEOS_DEPLOYMENT_TARGET = 13.2;
				MTL_ENABLE_DEBUG_INFO = NO;
				MTL_FAST_MATH = YES;
				SDKROOT = iphoneos;
				SWIFT_COMPILATION_MODE = wholemodule;
				SWIFT_OPTIMIZATION_LEVEL = "-O";
				VALIDATE_PRODUCT = YES;
			};
			name = Release;
		};
		DC413A67242B65100065A415 /* Debug */ = {
			isa = XCBuildConfiguration;
			buildSettings = {
				ASSETCATALOG_COMPILER_APPICON_NAME = AppIcon;
				CODE_SIGN_STYLE = Automatic;
				INFOPLIST_FILE = EmployeeManager/Info.plist;
				LD_RUNPATH_SEARCH_PATHS = (
					"$(inherited)",
					"@executable_path/Frameworks",
				);
				PRODUCT_BUNDLE_IDENTIFIER = iti.EmployeeManager;
				PRODUCT_NAME = "$(TARGET_NAME)";
				SWIFT_VERSION = 5.0;
				TARGETED_DEVICE_FAMILY = "1,2";
			};
			name = Debug;
		};
		DC413A68242B65100065A415 /* Release */ = {
			isa = XCBuildConfiguration;
			buildSettings = {
				ASSETCATALOG_COMPILER_APPICON_NAME = AppIcon;
				CODE_SIGN_STYLE = Automatic;
				INFOPLIST_FILE = EmployeeManager/Info.plist;
				LD_RUNPATH_SEARCH_PATHS = (
					"$(inherited)",
					"@executable_path/Frameworks",
				);
				PRODUCT_BUNDLE_IDENTIFIER = iti.EmployeeManager;
				PRODUCT_NAME = "$(TARGET_NAME)";
				SWIFT_VERSION = 5.0;
				TARGETED_DEVICE_FAMILY = "1,2";
			};
			name = Release;
		};
/* End XCBuildConfiguration section */

/* Begin XCConfigurationList section */
		DC413A4D242B650E0065A415 /* Build configuration list for PBXProject "EmployeeManager" */ = {
			isa = XCConfigurationList;
			buildConfigurations = (
				DC413A64242B65100065A415 /* Debug */,
				DC413A65242B65100065A415 /* Release */,
			);
			defaultConfigurationIsVisible = 0;
			defaultConfigurationName = Release;
		};
		DC413A66242B65100065A415 /* Build configuration list for PBXNativeTarget "EmployeeManager" */ = {
			isa = XCConfigurationList;
			buildConfigurations = (
				DC413A67242B65100065A415 /* Debug */,
				DC413A68242B65100065A415 /* Release */,
			);
			defaultConfigurationIsVisible = 0;
			defaultConfigurationName = Release;
		};
/* End XCConfigurationList section */
	};
	rootObject = DC413A4A242B650E0065A415 /* Project object */;
}
