// !$*UTF8*$!
{
	archiveVersion = 1;
	classes = {
	};
	objectVersion = 50;
	objects = {

/* Begin PBXBuildFile section */
		DC413A7C242B709F0065A415 /* AppDelegate.swift in Sources */ = {isa = PBXBuildFile; fileRef = DC413A7B242B709F0065A415 /* AppDelegate.swift */; };
		DC413A7E242B709F0065A415 /* SceneDelegate.swift in Sources */ = {isa = PBXBuildFile; fileRef = DC413A7D242B709F0065A415 /* SceneDelegate.swift */; };
		DC413A83242B709F0065A415 /* Main.storyboard in Resources */ = {isa = PBXBuildFile; fileRef = DC413A81242B709F0065A415 /* Main.storyboard */; };
		DC413A85242B709F0065A415 /* Assets.xcassets in Resources */ = {isa = PBXBuildFile; fileRef = DC413A84242B709F0065A415 /* Assets.xcassets */; };
		DC413A88242B709F0065A415 /* LaunchScreen.storyboard in Resources */ = {isa = PBXBuildFile; fileRef = DC413A86242B709F0065A415 /* LaunchScreen.storyboard */; };
		DC413A90242B714F0065A415 /* MovieTableViewController.swift in Sources */ = {isa = PBXBuildFile; fileRef = DC413A8F242B714F0065A415 /* MovieTableViewController.swift */; };
		DC413A92242B71930065A415 /* Movie.swift in Sources */ = {isa = PBXBuildFile; fileRef = DC413A91242B71930065A415 /* Movie.swift */; };
		DC413A96242B803C0065A415 /* MoviesRepository.swift in Sources */ = {isa = PBXBuildFile; fileRef = DC413A95242B803C0065A415 /* MoviesRepository.swift */; };
		DC413A98242B83800065A415 /* movieImages in Resources */ = {isa = PBXBuildFile; fileRef = DC413A97242B83800065A415 /* movieImages */; };
		DC413AA4242B86140065A415 /* movieImages in Resources */ = {isa = PBXBuildFile; fileRef = DC413AA3242B86140065A415 /* movieImages */; };
		DC413AA6242B88800065A415 /* MovieTableViewCell.swift in Sources */ = {isa = PBXBuildFile; fileRef = DC413AA5242B88800065A415 /* MovieTableViewCell.swift */; };
		DC413AA8242B97F70065A415 /* DetailViewController.swift in Sources */ = {isa = PBXBuildFile; fileRef = DC413AA7242B97F70065A415 /* DetailViewController.swift */; };
/* End PBXBuildFile section */

/* Begin PBXFileReference section */
		DC413A78242B709F0065A415 /* MovieList.app */ = {isa = PBXFileReference; explicitFileType = wrapper.application; includeInIndex = 0; path = MovieList.app; sourceTree = BUILT_PRODUCTS_DIR; };
		DC413A7B242B709F0065A415 /* AppDelegate.swift */ = {isa = PBXFileReference; lastKnownFileType = sourcecode.swift; path = AppDelegate.swift; sourceTree = "<group>"; };
		DC413A7D242B709F0065A415 /* SceneDelegate.swift */ = {isa = PBXFileReference; lastKnownFileType = sourcecode.swift; path = SceneDelegate.swift; sourceTree = "<group>"; };
		DC413A82242B709F0065A415 /* Base */ = {isa = PBXFileReference; lastKnownFileType = file.storyboard; name = Base; path = Base.lproj/Main.storyboard; sourceTree = "<group>"; };
		DC413A84242B709F0065A415 /* Assets.xcassets */ = {isa = PBXFileReference; lastKnownFileType = folder.assetcatalog; path = Assets.xcassets; sourceTree = "<group>"; };
		DC413A87242B709F0065A415 /* Base */ = {isa = PBXFileReference; lastKnownFileType = file.storyboard; name = Base; path = Base.lproj/LaunchScreen.storyboard; sourceTree = "<group>"; };
		DC413A89242B709F0065A415 /* Info.plist */ = {isa = PBXFileReference; lastKnownFileType = text.plist.xml; path = Info.plist; sourceTree = "<group>"; };
		DC413A8F242B714F0065A415 /* MovieTableViewController.swift */ = {isa = PBXFileReference; lastKnownFileType = sourcecode.swift; path = MovieTableViewController.swift; sourceTree = "<group>"; };
		DC413A91242B71930065A415 /* Movie.swift */ = {isa = PBXFileReference; lastKnownFileType = sourcecode.swift; path = Movie.swift; sourceTree = "<group>"; };
		DC413A95242B803C0065A415 /* MoviesRepository.swift */ = {isa = PBXFileReference; lastKnownFileType = sourcecode.swift; path = MoviesRepository.swift; sourceTree = "<group>"; };
		DC413A97242B83800065A415 /* movieImages */ = {isa = PBXFileReference; lastKnownFileType = folder; name = movieImages; path = ../../../../../../../movieImages; sourceTree = "<group>"; };
		DC413AA3242B86140065A415 /* movieImages */ = {isa = PBXFileReference; lastKnownFileType = folder; name = movieImages; path = ../../../../../../../movieImages; sourceTree = "<group>"; };
		DC413AA5242B88800065A415 /* MovieTableViewCell.swift */ = {isa = PBXFileReference; lastKnownFileType = sourcecode.swift; path = MovieTableViewCell.swift; sourceTree = "<group>"; };
		DC413AA7242B97F70065A415 /* DetailViewController.swift */ = {isa = PBXFileReference; lastKnownFileType = sourcecode.swift; path = DetailViewController.swift; sourceTree = "<group>"; };
/* End PBXFileReference section */

/* Begin PBXFrameworksBuildPhase section */
		DC413A75242B709F0065A415 /* Frameworks */ = {
			isa = PBXFrameworksBuildPhase;
			buildActionMask = 2147483647;
			files = (
			);
			runOnlyForDeploymentPostprocessing = 0;
		};
/* End PBXFrameworksBuildPhase section */

/* Begin PBXGroup section */
		DC413A6F242B709F0065A415 = {
			isa = PBXGroup;
			children = (
				DC413A7A242B709F0065A415 /* MovieList */,
				DC413A79242B709F0065A415 /* Products */,
			);
			sourceTree = "<group>";
		};
		DC413A79242B709F0065A415 /* Products */ = {
			isa = PBXGroup;
			children = (
				DC413A78242B709F0065A415 /* MovieList.app */,
			);
			name = Products;
			sourceTree = "<group>";
		};
		DC413A7A242B709F0065A415 /* MovieList */ = {
			isa = PBXGroup;
			children = (
				DC413A97242B83800065A415 /* movieImages */,
				DC413A7B242B709F0065A415 /* AppDelegate.swift */,
				DC413A7D242B709F0065A415 /* SceneDelegate.swift */,
				DC413A81242B709F0065A415 /* Main.storyboard */,
				DC413A84242B709F0065A415 /* Assets.xcassets */,
				DC413AA3242B86140065A415 /* movieImages */,
				DC413A86242B709F0065A415 /* LaunchScreen.storyboard */,
				DC413A89242B709F0065A415 /* Info.plist */,
				DC413A8F242B714F0065A415 /* MovieTableViewController.swift */,
				DC413A91242B71930065A415 /* Movie.swift */,
				DC413A95242B803C0065A415 /* MoviesRepository.swift */,
				DC413AA5242B88800065A415 /* MovieTableViewCell.swift */,
				DC413AA7242B97F70065A415 /* DetailViewController.swift */,
			);
			path = MovieList;
			sourceTree = "<group>";
		};
/* End PBXGroup section */

/* Begin PBXNativeTarget section */
		DC413A77242B709F0065A415 /* MovieList */ = {
			isa = PBXNativeTarget;
			buildConfigurationList = DC413A8C242B709F0065A415 /* Build configuration list for PBXNativeTarget "MovieList" */;
			buildPhases = (
				DC413A74242B709F0065A415 /* Sources */,
				DC413A75242B709F0065A415 /* Frameworks */,
				DC413A76242B709F0065A415 /* Resources */,
			);
			buildRules = (
			);
			dependencies = (
			);
			name = MovieList;
			productName = MovieList;
			productReference = DC413A78242B709F0065A415 /* MovieList.app */;
			productType = "com.apple.product-type.application";
		};
/* End PBXNativeTarget section */

/* Begin PBXProject section */
		DC413A70242B709F0065A415 /* Project object */ = {
			isa = PBXProject;
			attributes = {
				LastSwiftUpdateCheck = 1130;
				LastUpgradeCheck = 1130;
				ORGANIZATIONNAME = com.ashraf;
				TargetAttributes = {
					DC413A77242B709F0065A415 = {
						CreatedOnToolsVersion = 11.3.1;
					};
				};
			};
			buildConfigurationList = DC413A73242B709F0065A415 /* Build configuration list for PBXProject "MovieList" */;
			compatibilityVersion = "Xcode 9.3";
			developmentRegion = en;
			hasScannedForEncodings = 0;
			knownRegions = (
				en,
				Base,
			);
			mainGroup = DC413A6F242B709F0065A415;
			productRefGroup = DC413A79242B709F0065A415 /* Products */;
			projectDirPath = "";
			projectRoot = "";
			targets = (
				DC413A77242B709F0065A415 /* MovieList */,
			);
		};
/* End PBXProject section */

/* Begin PBXResourcesBuildPhase section */
		DC413A76242B709F0065A415 /* Resources */ = {
			isa = PBXResourcesBuildPhase;
			buildActionMask = 2147483647;
			files = (
				DC413A88242B709F0065A415 /* LaunchScreen.storyboard in Resources */,
				DC413A98242B83800065A415 /* movieImages in Resources */,
				DC413A85242B709F0065A415 /* Assets.xcassets in Resources */,
				DC413AA4242B86140065A415 /* movieImages in Resources */,
				DC413A83242B709F0065A415 /* Main.storyboard in Resources */,
			);
			runOnlyForDeploymentPostprocessing = 0;
		};
/* End PBXResourcesBuildPhase section */

/* Begin PBXSourcesBuildPhase section */
		DC413A74242B709F0065A415 /* Sources */ = {
			isa = PBXSourcesBuildPhase;
			buildActionMask = 2147483647;
			files = (
				DC413A7C242B709F0065A415 /* AppDelegate.swift in Sources */,
				DC413A96242B803C0065A415 /* MoviesRepository.swift in Sources */,
				DC413AA6242B88800065A415 /* MovieTableViewCell.swift in Sources */,
				DC413A7E242B709F0065A415 /* SceneDelegate.swift in Sources */,
				DC413A92242B71930065A415 /* Movie.swift in Sources */,
				DC413A90242B714F0065A415 /* MovieTableViewController.swift in Sources */,
				DC413AA8242B97F70065A415 /* DetailViewController.swift in Sources */,
			);
			runOnlyForDeploymentPostprocessing = 0;
		};
/* End PBXSourcesBuildPhase section */

/* Begin PBXVariantGroup section */
		DC413A81242B709F0065A415 /* Main.storyboard */ = {
			isa = PBXVariantGroup;
			children = (
				DC413A82242B709F0065A415 /* Base */,
			);
			name = Main.storyboard;
			sourceTree = "<group>";
		};
		DC413A86242B709F0065A415 /* LaunchScreen.storyboard */ = {
			isa = PBXVariantGroup;
			children = (
				DC413A87242B709F0065A415 /* Base */,
			);
			name = LaunchScreen.storyboard;
			sourceTree = "<group>";
		};
/* End PBXVariantGroup section */

/* Begin XCBuildConfiguration section */
		DC413A8A242B709F0065A415 /* Debug */ = {
			isa = XCBuildConfiguration;
			buildSettings = {
				ALWAYS_SEARCH_USER_PATHS = NO;
				CLANG_ANALYZER_NONNULL = YES;
				CLANG_ANALYZER_NUMBER_OBJECT_CONVERSION = YES_AGGRESSIVE;
				CLANG_CXX_LANGUAGE_STANDARD = "gnu++14";
				CLANG_CXX_LIBRARY = "libc++";
				CLANG_ENABLE_MODULES = YES;
				CLANG_ENABLE_OBJC_ARC = YES;
				CLANG_ENABLE_OBJC_WEAK = YES;
				CLANG_WARN_BLOCK_CAPTURE_AUTORELEASING = YES;
				CLANG_WARN_BOOL_CONVERSION = YES;
				CLANG_WARN_COMMA = YES;
				CLANG_WARN_CONSTANT_CONVERSION = YES;
				CLANG_WARN_DEPRECATED_OBJC_IMPLEMENTATIONS = YES;
				CLANG_WARN_DIRECT_OBJC_ISA_USAGE = YES_ERROR;
				CLANG_WARN_DOCUMENTATION_COMMENTS = YES;
				CLANG_WARN_EMPTY_BODY = YES;
				CLANG_WARN_ENUM_CONVERSION = YES;
				CLANG_WARN_INFINITE_RECURSION = YES;
				CLANG_WARN_INT_CONVERSION = YES;
				CLANG_WARN_NON_LITERAL_NULL_CONVERSION = YES;
				CLANG_WARN_OBJC_IMPLICIT_RETAIN_SELF = YES;
				CLANG_WARN_OBJC_LITERAL_CONVERSION = YES;
				CLANG_WARN_OBJC_ROOT_CLASS = YES_ERROR;
				CLANG_WARN_RANGE_LOOP_ANALYSIS = YES;
				CLANG_WARN_STRICT_PROTOTYPES = YES;
				CLANG_WARN_SUSPICIOUS_MOVE = YES;
				CLANG_WARN_UNGUARDED_AVAILABILITY = YES_AGGRESSIVE;
				CLANG_WARN_UNREACHABLE_CODE = YES;
				CLANG_WARN__DUPLICATE_METHOD_MATCH = YES;
				COPY_PHASE_STRIP = NO;
				DEBUG_INFORMATION_FORMAT = dwarf;
				ENABLE_STRICT_OBJC_MSGSEND = YES;
				ENABLE_TESTABILITY = YES;
				GCC_C_LANGUAGE_STANDARD = gnu11;
				GCC_DYNAMIC_NO_PIC = NO;
				GCC_NO_COMMON_BLOCKS = YES;
				GCC_OPTIMIZATION_LEVEL = 0;
				GCC_PREPROCESSOR_DEFINITIONS = (
					"DEBUG=1",
					"$(inherited)",
				);
				GCC_WARN_64_TO_32_BIT_CONVERSION = YES;
				GCC_WARN_ABOUT_RETURN_TYPE = YES_ERROR;
				GCC_WARN_UNDECLARED_SELECTOR = YES;
				GCC_WARN_UNINITIALIZED_AUTOS = YES_AGGRESSIVE;
				GCC_WARN_UNUSED_FUNCTION = YES;
				GCC_WARN_UNUSED_VARIABLE = YES;
				IPHONEOS_DEPLOYMENT_TARGET = 13.2;
				MTL_ENABLE_DEBUG_INFO = INCLUDE_SOURCE;
				MTL_FAST_MATH = YES;
				ONLY_ACTIVE_ARCH = YES;
				SDKROOT = iphoneos;
				SWIFT_ACTIVE_COMPILATION_CONDITIONS = DEBUG;
				SWIFT_OPTIMIZATION_LEVEL = "-Onone";
			};
			name = Debug;
		};
		DC413A8B242B709F0065A415 /* Release */ = {
			isa = XCBuildConfiguration;
			buildSettings = {
				ALWAYS_SEARCH_USER_PATHS = NO;
				CLANG_ANALYZER_NONNULL = YES;
				CLANG_ANALYZER_NUMBER_OBJECT_CONVERSION = YES_AGGRESSIVE;
				CLANG_CXX_LANGUAGE_STANDARD = "gnu++14";
				CLANG_CXX_LIBRARY = "libc++";
				CLANG_ENABLE_MODULES = YES;
				CLANG_ENABLE_OBJC_ARC = YES;
				CLANG_ENABLE_OBJC_WEAK = YES;
				CLANG_WARN_BLOCK_CAPTURE_AUTORELEASING = YES;
				CLANG_WARN_BOOL_CONVERSION = YES;
				CLANG_WARN_COMMA = YES;
				CLANG_WARN_CONSTANT_CONVERSION = YES;
				CLANG_WARN_DEPRECATED_OBJC_IMPLEMENTATIONS = YES;
				CLANG_WARN_DIRECT_OBJC_ISA_USAGE = YES_ERROR;
				CLANG_WARN_DOCUMENTATION_COMMENTS = YES;
				CLANG_WARN_EMPTY_BODY = YES;
				CLANG_WARN_ENUM_CONVERSION = YES;
				CLANG_WARN_INFINITE_RECURSION = YES;
				CLANG_WARN_INT_CONVERSION = YES;
				CLANG_WARN_NON_LITERAL_NULL_CONVERSION = YES;
				CLANG_WARN_OBJC_IMPLICIT_RETAIN_SELF = YES;
				CLANG_WARN_OBJC_LITERAL_CONVERSION = YES;
				CLANG_WARN_OBJC_ROOT_CLASS = YES_ERROR;
				CLANG_WARN_RANGE_LOOP_ANALYSIS = YES;
				CLANG_WARN_STRICT_PROTOTYPES = YES;
				CLANG_WARN_SUSPICIOUS_MOVE = YES;
				CLANG_WARN_UNGUARDED_AVAILABILITY = YES_AGGRESSIVE;
				CLANG_WARN_UNREACHABLE_CODE = YES;
				CLANG_WARN__DUPLICATE_METHOD_MATCH = YES;
				COPY_PHASE_STRIP = NO;
				DEBUG_INFORMATION_FORMAT = "dwarf-with-dsym";
				ENABLE_NS_ASSERTIONS = NO;
				ENABLE_STRICT_OBJC_MSGSEND = YES;
				GCC_C_LANGUAGE_STANDARD = gnu11;
				GCC_NO_COMMON_BLOCKS = YES;
				GCC_WARN_64_TO_32_BIT_CONVERSION = YES;
				GCC_WARN_ABOUT_RETURN_TYPE = YES_ERROR;
				GCC_WARN_UNDECLARED_SELECTOR = YES;
				GCC_WARN_UNINITIALIZED_AUTOS = YES_AGGRESSIVE;
				GCC_WARN_UNUSED_FUNCTION = YES;
				GCC_WARN_UNUSED_VARIABLE = YES;
				IPHONEOS_DEPLOYMENT_TARGET = 13.2;
				MTL_ENABLE_DEBUG_INFO = NO;
				MTL_FAST_MATH = YES;
				SDKROOT = iphoneos;
				SWIFT_COMPILATION_MODE = wholemodule;
				SWIFT_OPTIMIZATION_LEVEL = "-O";
				VALIDATE_PRODUCT = YES;
			};
			name = Release;
		};
		DC413A8D242B709F0065A415 /* Debug */ = {
			isa = XCBuildConfiguration;
			buildSettings = {
				ASSETCATALOG_COMPILER_APPICON_NAME = AppIcon;
				CODE_SIGN_STYLE = Automatic;
				INFOPLIST_FILE = MovieList/Info.plist;
				LD_RUNPATH_SEARCH_PATHS = (
					"$(inherited)",
					"@executable_path/Frameworks",
				);
				PRODUCT_BUNDLE_IDENTIFIER = iti.MovieList;
				PRODUCT_NAME = "$(TARGET_NAME)";
				SWIFT_VERSION = 5.0;
				TARGETED_DEVICE_FAMILY = "1,2";
			};
			name = Debug;
		};
		DC413A8E242B709F0065A415 /* Release */ = {
			isa = XCBuildConfiguration;
			buildSettings = {
				ASSETCATALOG_COMPILER_APPICON_NAME = AppIcon;
				CODE_SIGN_STYLE = Automatic;
				INFOPLIST_FILE = MovieList/Info.plist;
				LD_RUNPATH_SEARCH_PATHS = (
					"$(inherited)",
					"@executable_path/Frameworks",
				);
				PRODUCT_BUNDLE_IDENTIFIER = iti.MovieList;
				PRODUCT_NAME = "$(TARGET_NAME)";
				SWIFT_VERSION = 5.0;
				TARGETED_DEVICE_FAMILY = "1,2";
			};
			name = Release;
		};
/* End XCBuildConfiguration section */

/* Begin XCConfigurationList section */
		DC413A73242B709F0065A415 /* Build configuration list for PBXProject "MovieList" */ = {
			isa = XCConfigurationList;
			buildConfigurations = (
				DC413A8A242B709F0065A415 /* Debug */,
				DC413A8B242B709F0065A415 /* Release */,
			);
			defaultConfigurationIsVisible = 0;
			defaultConfigurationName = Release;
		};
		DC413A8C242B709F0065A415 /* Build configuration list for PBXNativeTarget "MovieList" */ = {
			isa = XCConfigurationList;
			buildConfigurations = (
				DC413A8D242B709F0065A415 /* Debug */,
				DC413A8E242B709F0065A415 /* Release */,
			);
			defaultConfigurationIsVisible = 0;
			defaultConfigurationName = Release;
		};
/* End XCConfigurationList section */
	};
	rootObject = DC413A70242B709F0065A415 /* Project object */;
}
